{
  "name": "cherry-tree",
  "version": "1.0.0",
  "lockfileVersion": 3,
  "requires": true,
  "packages": {
    "": {
      "name": "cherry-tree",
      "version": "1.0.0",
      "license": "MIT",
      "dependencies": {
        "media-captions": "^0.0.18"
      }
    },
    "node_modules/media-captions": {
      "version": "0.0.18",
      "resolved": "https://registry.npmjs.org/media-captions/-/media-captions-0.0.18.tgz",
      "integrity": "sha512-JW18P6FuHdyLSGwC4TQ0kF3WdNj/+wMw2cKOb8BnmY6vSJGtnwJ+vkYj+IjHOV34j3XMc70HDeB/QYKR7E7fuQ==",
      "engines": {
        "node": ">=16"
      }
    }
  }
}
